
Microsoft Visual Studio Solution File, Format Version 12.00
# Visual Studio Version 17
VisualStudioVersion = 17.1.32319.34
MinimumVisualStudioVersion = 10.0.40219.1
Project("{9A19103F-16F7-4668-BE54-9A1E7A4F7556}") = "MovableRuins", "MovableRuins.csproj", "{27ACDDF3-0648-46FA-8492-7F1057C25412}"
EndProject
Global
	GlobalSection(SolutionConfigurationPlatforms) = preSolution
		Debug|Any CPU = Debug|Any CPU
		Release|Any CPU = Release|Any CPU
	EndGlobalSection
	GlobalSection(ProjectConfigurationPlatforms) = postSolution
		{27ACDDF3-0648-46FA-8492-7F1057C25412}.Debug|Any CPU.ActiveCfg = Debug|Any CPU
		{27ACDDF3-0648-46FA-8492-7F1057C25412}.Debug|Any CPU.Build.0 = Debug|Any CPU
		{27ACDDF3-0648-46FA-8492-7F1057C25412}.Release|Any CPU.ActiveCfg = Release|Any CPU
		{27ACDDF3-0648-46FA-8492-7F1057C25412}.Release|Any CPU.Build.0 = Release|Any CPU
	EndGlobalSection
	GlobalSection(SolutionProperties) = preSolution
		HideSolutionNode = FALSE
	EndGlobalSection
	GlobalSection(ExtensibilityGlobals) = postSolution
		SolutionGuid = {7C19757E-521C-40A7-A24A-93B1D690BAF5}
	EndGlobalSection
EndGlobal
